// !$*UTF8*$!
{
	archiveVersion = 1;
	classes = {
	};
	objectVersion = 50;
	objects = {

/* Begin PBXBuildFile section */
		635BA9262614E96600840FB4 /* Tests_iOS.swift in Sources */ = {isa = PBXBuildFile; fileRef = 635BA9252614E96600840FB4 /* Tests_iOS.swift */; };
		635BA9312614E96600840FB4 /* Tests_macOS.swift in Sources */ = {isa = PBXBuildFile; fileRef = 635BA9302614E96600840FB4 /* Tests_macOS.swift */; };
		635BA9332614E96600840FB4 /* PremierSwiftUIApp.swift in Sources */ = {isa = PBXBuildFile; fileRef = 635BA90A2614E96500840FB4 /* PremierSwiftUIApp.swift */; };
		635BA9342614E96600840FB4 /* PremierSwiftUIApp.swift in Sources */ = {isa = PBXBuildFile; fileRef = 635BA90A2614E96500840FB4 /* PremierSwiftUIApp.swift */; };
		635BA9352614E96600840FB4 /* ContentView.swift in Sources */ = {isa = PBXBuildFile; fileRef = 635BA90B2614E96500840FB4 /* ContentView.swift */; };
		635BA9362614E96600840FB4 /* ContentView.swift in Sources */ = {isa = PBXBuildFile; fileRef = 635BA90B2614E96500840FB4 /* ContentView.swift */; };
		635BA9372614E96600840FB4 /* Assets.xcassets in Resources */ = {isa = PBXBuildFile; fileRef = 635BA90C2614E96600840FB4 /* Assets.xcassets */; };
		635BA9382614E96600840FB4 /* Assets.xcassets in Resources */ = {isa = PBXBuildFile; fileRef = 635BA90C2614E96600840FB4 /* Assets.xcassets */; };
/* End PBXBuildFile section */

/* Begin PBXContainerItemProxy section */
		635BA9222614E96600840FB4 /* PBXContainerItemProxy */ = {
			isa = PBXContainerItemProxy;
			containerPortal = 635BA9052614E96500840FB4 /* Project object */;
			proxyType = 1;
			remoteGlobalIDString = 635BA9102614E96600840FB4;
			remoteInfo = "PremierSwiftUI (iOS)";
		};
		635BA92D2614E96600840FB4 /* PBXContainerItemProxy */ = {
			isa = PBXContainerItemProxy;
			containerPortal = 635BA9052614E96500840FB4 /* Project object */;
			proxyType = 1;
			remoteGlobalIDString = 635BA9182614E96600840FB4;
			remoteInfo = "PremierSwiftUI (macOS)";
		};
/* End PBXContainerItemProxy section */

/* Begin PBXFileReference section */
		635BA90A2614E96500840FB4 /* PremierSwiftUIApp.swift */ = {isa = PBXFileReference; lastKnownFileType = sourcecode.swift; path = PremierSwiftUIApp.swift; sourceTree = "<group>"; };
		635BA90B2614E96500840FB4 /* ContentView.swift */ = {isa = PBXFileReference; lastKnownFileType = sourcecode.swift; path = ContentView.swift; sourceTree = "<group>"; };
		635BA90C2614E96600840FB4 /* Assets.xcassets */ = {isa = PBXFileReference; lastKnownFileType = folder.assetcatalog; path = Assets.xcassets; sourceTree = "<group>"; };
		635BA9112614E96600840FB4 /* PremierSwiftUI.app */ = {isa = PBXFileReference; explicitFileType = wrapper.application; includeInIndex = 0; path = PremierSwiftUI.app; sourceTree = BUILT_PRODUCTS_DIR; };
		635BA9142614E96600840FB4 /* Info.plist */ = {isa = PBXFileReference; lastKnownFileType = text.plist.xml; path = Info.plist; sourceTree = "<group>"; };
		635BA9192614E96600840FB4 /* PremierSwiftUI.app */ = {isa = PBXFileReference; explicitFileType = wrapper.application; includeInIndex = 0; path = PremierSwiftUI.app; sourceTree = BUILT_PRODUCTS_DIR; };
		635BA91B2614E96600840FB4 /* Info.plist */ = {isa = PBXFileReference; lastKnownFileType = text.plist.xml; path = Info.plist; sourceTree = "<group>"; };
		635BA91C2614E96600840FB4 /* macOS.entitlements */ = {isa = PBXFileReference; lastKnownFileType = text.plist.entitlements; path = macOS.entitlements; sourceTree = "<group>"; };
		635BA9212614E96600840FB4 /* Tests iOS.xctest */ = {isa = PBXFileReference; explicitFileType = wrapper.cfbundle; includeInIndex = 0; path = "Tests iOS.xctest"; sourceTree = BUILT_PRODUCTS_DIR; };
		635BA9252614E96600840FB4 /* Tests_iOS.swift */ = {isa = PBXFileReference; lastKnownFileType = sourcecode.swift; path = Tests_iOS.swift; sourceTree = "<group>"; };
		635BA9272614E96600840FB4 /* Info.plist */ = {isa = PBXFileReference; lastKnownFileType = text.plist.xml; path = Info.plist; sourceTree = "<group>"; };
		635BA92C2614E96600840FB4 /* Tests macOS.xctest */ = {isa = PBXFileReference; explicitFileType = wrapper.cfbundle; includeInIndex = 0; path = "Tests macOS.xctest"; sourceTree = BUILT_PRODUCTS_DIR; };
		635BA9302614E96600840FB4 /* Tests_macOS.swift */ = {isa = PBXFileReference; lastKnownFileType = sourcecode.swift; path = Tests_macOS.swift; sourceTree = "<group>"; };
		635BA9322614E96600840FB4 /* Info.plist */ = {isa = PBXFileReference; lastKnownFileType = text.plist.xml; path = Info.plist; sourceTree = "<group>"; };
/* End PBXFileReference section */

/* Begin PBXFrameworksBuildPhase section */
		635BA90E2614E96600840FB4 /* Frameworks */ = {
			isa = PBXFrameworksBuildPhase;
			buildActionMask = 2147483647;
			files = (
			);
			runOnlyForDeploymentPostprocessing = 0;
		};
		635BA9162614E96600840FB4 /* Frameworks */ = {
			isa = PBXFrameworksBuildPhase;
			buildActionMask = 2147483647;
			files = (
			);
			runOnlyForDeploymentPostprocessing = 0;
		};
		635BA91E2614E96600840FB4 /* Frameworks */ = {
			isa = PBXFrameworksBuildPhase;
			buildActionMask = 2147483647;
			files = (
			);
			runOnlyForDeploymentPostprocessing = 0;
		};
		635BA9292614E96600840FB4 /* Frameworks */ = {
			isa = PBXFrameworksBuildPhase;
			buildActionMask = 2147483647;
			files = (
			);
			runOnlyForDeploymentPostprocessing = 0;
		};
/* End PBXFrameworksBuildPhase section */

/* Begin PBXGroup section */
		635BA9042614E96500840FB4 = {
			isa = PBXGroup;
			children = (
				635BA9092614E96500840FB4 /* Shared */,
				635BA9132614E96600840FB4 /* iOS */,
				635BA91A2614E96600840FB4 /* macOS */,
				635BA9242614E96600840FB4 /* Tests iOS */,
				635BA92F2614E96600840FB4 /* Tests macOS */,
				635BA9122614E96600840FB4 /* Products */,
			);
			sourceTree = "<group>";
		};
		635BA9092614E96500840FB4 /* Shared */ = {
			isa = PBXGroup;
			children = (
				635BA90A2614E96500840FB4 /* PremierSwiftUIApp.swift */,
				635BA90B2614E96500840FB4 /* ContentView.swift */,
				635BA90C2614E96600840FB4 /* Assets.xcassets */,
			);
			path = Shared;
			sourceTree = "<group>";
		};
		635BA9122614E96600840FB4 /* Products */ = {
			isa = PBXGroup;
			children = (
				635BA9112614E96600840FB4 /* PremierSwiftUI.app */,
				635BA9192614E96600840FB4 /* PremierSwiftUI.app */,
				635BA9212614E96600840FB4 /* Tests iOS.xctest */,
				635BA92C2614E96600840FB4 /* Tests macOS.xctest */,
			);
			name = Products;
			sourceTree = "<group>";
		};
		635BA9132614E96600840FB4 /* iOS */ = {
			isa = PBXGroup;
			children = (
				635BA9142614E96600840FB4 /* Info.plist */,
			);
			path = iOS;
			sourceTree = "<group>";
		};
		635BA91A2614E96600840FB4 /* macOS */ = {
			isa = PBXGroup;
			children = (
				635BA91B2614E96600840FB4 /* Info.plist */,
				635BA91C2614E96600840FB4 /* macOS.entitlements */,
			);
			path = macOS;
			sourceTree = "<group>";
		};
		635BA9242614E96600840FB4 /* Tests iOS */ = {
			isa = PBXGroup;
			children = (
				635BA9252614E96600840FB4 /* Tests_iOS.swift */,
				635BA9272614E96600840FB4 /* Info.plist */,
			);
			path = "Tests iOS";
			sourceTree = "<group>";
		};
		635BA92F2614E96600840FB4 /* Tests macOS */ = {
			isa = PBXGroup;
			children = (
				635BA9302614E96600840FB4 /* Tests_macOS.swift */,
				635BA9322614E96600840FB4 /* Info.plist */,
			);
			path = "Tests macOS";
			sourceTree = "<group>";
		};
/* End PBXGroup section */

/* Begin PBXNativeTarget section */
		635BA9102614E96600840FB4 /* PremierSwiftUI (iOS) */ = {
			isa = PBXNativeTarget;
			buildConfigurationList = 635BA93B2614E96600840FB4 /* Build configuration list for PBXNativeTarget "PremierSwiftUI (iOS)" */;
			buildPhases = (
				635BA90D2614E96600840FB4 /* Sources */,
				635BA90E2614E96600840FB4 /* Frameworks */,
				635BA90F2614E96600840FB4 /* Resources */,
			);
			buildRules = (
			);
			dependencies = (
			);
			name = "PremierSwiftUI (iOS)";
			productName = "PremierSwiftUI (iOS)";
			productReference = 635BA9112614E96600840FB4 /* PremierSwiftUI.app */;
			productType = "com.apple.product-type.application";
		};
		635BA9182614E96600840FB4 /* PremierSwiftUI (macOS) */ = {
			isa = PBXNativeTarget;
			buildConfigurationList = 635BA93E2614E96600840FB4 /* Build configuration list for PBXNativeTarget "PremierSwiftUI (macOS)" */;
			buildPhases = (
				635BA9152614E96600840FB4 /* Sources */,
				635BA9162614E96600840FB4 /* Frameworks */,
				635BA9172614E96600840FB4 /* Resources */,
			);
			buildRules = (
			);
			dependencies = (
			);
			name = "PremierSwiftUI (macOS)";
			productName = "PremierSwiftUI (macOS)";
			productReference = 635BA9192614E96600840FB4 /* PremierSwiftUI.app */;
			productType = "com.apple.product-type.application";
		};
		635BA9202614E96600840FB4 /* Tests iOS */ = {
			isa = PBXNativeTarget;
			buildConfigurationList = 635BA9412614E96600840FB4 /* Build configuration list for PBXNativeTarget "Tests iOS" */;
			buildPhases = (
				635BA91D2614E96600840FB4 /* Sources */,
				635BA91E2614E96600840FB4 /* Frameworks */,
				635BA91F2614E96600840FB4 /* Resources */,
			);
			buildRules = (
			);
			dependencies = (
				635BA9232614E96600840FB4 /* PBXTargetDependency */,
			);
			name = "Tests iOS";
			productName = "Tests iOS";
			productReference = 635BA9212614E96600840FB4 /* Tests iOS.xctest */;
			productType = "com.apple.product-type.bundle.ui-testing";
		};
		635BA92B2614E96600840FB4 /* Tests macOS */ = {
			isa = PBXNativeTarget;
			buildConfigurationList = 635BA9442614E96600840FB4 /* Build configuration list for PBXNativeTarget "Tests macOS" */;
			buildPhases = (
				635BA9282614E96600840FB4 /* Sources */,
				635BA9292614E96600840FB4 /* Frameworks */,
				635BA92A2614E96600840FB4 /* Resources */,
			);
			buildRules = (
			);
			dependencies = (
				635BA92E2614E96600840FB4 /* PBXTargetDependency */,
			);
			name = "Tests macOS";
			productName = "Tests macOS";
			productReference = 635BA92C2614E96600840FB4 /* Tests macOS.xctest */;
			productType = "com.apple.product-type.bundle.ui-testing";
		};
/* End PBXNativeTarget section */

/* Begin PBXProject section */
		635BA9052614E96500840FB4 /* Project object */ = {
			isa = PBXProject;
			attributes = {
				LastSwiftUpdateCheck = 1240;
				LastUpgradeCheck = 1240;
				TargetAttributes = {
					635BA9102614E96600840FB4 = {
						CreatedOnToolsVersion = 12.4;
					};
					635BA9182614E96600840FB4 = {
						CreatedOnToolsVersion = 12.4;
					};
					635BA9202614E96600840FB4 = {
						CreatedOnToolsVersion = 12.4;
						TestTargetID = 635BA9102614E96600840FB4;
					};
					635BA92B2614E96600840FB4 = {
						CreatedOnToolsVersion = 12.4;
						TestTargetID = 635BA9182614E96600840FB4;
					};
				};
			};
			buildConfigurationList = 635BA9082614E96500840FB4 /* Build configuration list for PBXProject "PremierSwiftUI" */;
			compatibilityVersion = "Xcode 9.3";
			developmentRegion = en;
			hasScannedForEncodings = 0;
			knownRegions = (
				en,
				Base,
			);
			mainGroup = 635BA9042614E96500840FB4;
			productRefGroup = 635BA9122614E96600840FB4 /* Products */;
			projectDirPath = "";
			projectRoot = "";
			targets = (
				635BA9102614E96600840FB4 /* PremierSwiftUI (iOS) */,
				635BA9182614E96600840FB4 /* PremierSwiftUI (macOS) */,
				635BA9202614E96600840FB4 /* Tests iOS */,
				635BA92B2614E96600840FB4 /* Tests macOS */,
			);
		};
/* End PBXProject section */

/* Begin PBXResourcesBuildPhase section */
		635BA90F2614E96600840FB4 /* Resources */ = {
			isa = PBXResourcesBuildPhase;
			buildActionMask = 2147483647;
			files = (
				635BA9372614E96600840FB4 /* Assets.xcassets in Resources */,
			);
			runOnlyForDeploymentPostprocessing = 0;
		};
		635BA9172614E96600840FB4 /* Resources */ = {
			isa = PBXResourcesBuildPhase;
			buildActionMask = 2147483647;
			files = (
				635BA9382614E96600840FB4 /* Assets.xcassets in Resources */,
			);
			runOnlyForDeploymentPostprocessing = 0;
		};
		635BA91F2614E96600840FB4 /* Resources */ = {
			isa = PBXResourcesBuildPhase;
			buildActionMask = 2147483647;
			files = (
			);
			runOnlyForDeploymentPostprocessing = 0;
		};
		635BA92A2614E96600840FB4 /* Resources */ = {
			isa = PBXResourcesBuildPhase;
			buildActionMask = 2147483647;
			files = (
			);
			runOnlyForDeploymentPostprocessing = 0;
		};
/* End PBXResourcesBuildPhase section */

/* Begin PBXSourcesBuildPhase section */
		635BA90D2614E96600840FB4 /* Sources */ = {
			isa = PBXSourcesBuildPhase;
			buildActionMask = 2147483647;
			files = (
				635BA9352614E96600840FB4 /* ContentView.swift in Sources */,
				635BA9332614E96600840FB4 /* PremierSwiftUIApp.swift in Sources */,
			);
			runOnlyForDeploymentPostprocessing = 0;
		};
		635BA9152614E96600840FB4 /* Sources */ = {
			isa = PBXSourcesBuildPhase;
			buildActionMask = 2147483647;
			files = (
				635BA9362614E96600840FB4 /* ContentView.swift in Sources */,
				635BA9342614E96600840FB4 /* PremierSwiftUIApp.swift in Sources */,
			);
			runOnlyForDeploymentPostprocessing = 0;
		};
		635BA91D2614E96600840FB4 /* Sources */ = {
			isa = PBXSourcesBuildPhase;
			buildActionMask = 2147483647;
			files = (
				635BA9262614E96600840FB4 /* Tests_iOS.swift in Sources */,
			);
			runOnlyForDeploymentPostprocessing = 0;
		};
		635BA9282614E96600840FB4 /* Sources */ = {
			isa = PBXSourcesBuildPhase;
			buildActionMask = 2147483647;
			files = (
				635BA9312614E96600840FB4 /* Tests_macOS.swift in Sources */,
			);
			runOnlyForDeploymentPostprocessing = 0;
		};
/* End PBXSourcesBuildPhase section */

/* Begin PBXTargetDependency section */
		635BA9232614E96600840FB4 /* PBXTargetDependency */ = {
			isa = PBXTargetDependency;
			target = 635BA9102614E96600840FB4 /* PremierSwiftUI (iOS) */;
			targetProxy = 635BA9222614E96600840FB4 /* PBXContainerItemProxy */;
		};
		635BA92E2614E96600840FB4 /* PBXTargetDependency */ = {
			isa = PBXTargetDependency;
			target = 635BA9182614E96600840FB4 /* PremierSwiftUI (macOS) */;
			targetProxy = 635BA92D2614E96600840FB4 /* PBXContainerItemProxy */;
		};
/* End PBXTargetDependency section */

/* Begin XCBuildConfiguration section */
		635BA9392614E96600840FB4 /* Debug */ = {
			isa = XCBuildConfiguration;
			buildSettings = {
				ALWAYS_SEARCH_USER_PATHS = NO;
				CLANG_ANALYZER_NONNULL = YES;
				CLANG_ANALYZER_NUMBER_OBJECT_CONVERSION = YES_AGGRESSIVE;
				CLANG_CXX_LANGUAGE_STANDARD = "gnu++14";
				CLANG_CXX_LIBRARY = "libc++";
				CLANG_ENABLE_MODULES = YES;
				CLANG_ENABLE_OBJC_ARC = YES;
				CLANG_ENABLE_OBJC_WEAK = YES;
				CLANG_WARN_BLOCK_CAPTURE_AUTORELEASING = YES;
				CLANG_WARN_BOOL_CONVERSION = YES;
				CLANG_WARN_COMMA = YES;
				CLANG_WARN_CONSTANT_CONVERSION = YES;
				CLANG_WARN_DEPRECATED_OBJC_IMPLEMENTATIONS = YES;
				CLANG_WARN_DIRECT_OBJC_ISA_USAGE = YES_ERROR;
				CLANG_WARN_DOCUMENTATION_COMMENTS = YES;
				CLANG_WARN_EMPTY_BODY = YES;
				CLANG_WARN_ENUM_CONVERSION = YES;
				CLANG_WARN_INFINITE_RECURSION = YES;
				CLANG_WARN_INT_CONVERSION = YES;
				CLANG_WARN_NON_LITERAL_NULL_CONVERSION = YES;
				CLANG_WARN_OBJC_IMPLICIT_RETAIN_SELF = YES;
				CLANG_WARN_OBJC_LITERAL_CONVERSION = YES;
				CLANG_WARN_OBJC_ROOT_CLASS = YES_ERROR;
				CLANG_WARN_QUOTED_INCLUDE_IN_FRAMEWORK_HEADER = YES;
				CLANG_WARN_RANGE_LOOP_ANALYSIS = YES;
				CLANG_WARN_STRICT_PROTOTYPES = YES;
				CLANG_WARN_SUSPICIOUS_MOVE = YES;
				CLANG_WARN_UNGUARDED_AVAILABILITY = YES_AGGRESSIVE;
				CLANG_WARN_UNREACHABLE_CODE = YES;
				CLANG_WARN__DUPLICATE_METHOD_MATCH = YES;
				COPY_PHASE_STRIP = NO;
				DEBUG_INFORMATION_FORMAT = dwarf;
				ENABLE_STRICT_OBJC_MSGSEND = YES;
				ENABLE_TESTABILITY = YES;
				GCC_C_LANGUAGE_STANDARD = gnu11;
				GCC_DYNAMIC_NO_PIC = NO;
				GCC_NO_COMMON_BLOCKS = YES;
				GCC_OPTIMIZATION_LEVEL = 0;
				GCC_PREPROCESSOR_DEFINITIONS = (
					"DEBUG=1",
					"$(inherited)",
				);
				GCC_WARN_64_TO_32_BIT_CONVERSION = YES;
				GCC_WARN_ABOUT_RETURN_TYPE = YES_ERROR;
				GCC_WARN_UNDECLARED_SELECTOR = YES;
				GCC_WARN_UNINITIALIZED_AUTOS = YES_AGGRESSIVE;
				GCC_WARN_UNUSED_FUNCTION = YES;
				GCC_WARN_UNUSED_VARIABLE = YES;
				MTL_ENABLE_DEBUG_INFO = INCLUDE_SOURCE;
				MTL_FAST_MATH = YES;
				ONLY_ACTIVE_ARCH = YES;
				SWIFT_ACTIVE_COMPILATION_CONDITIONS = DEBUG;
				SWIFT_OPTIMIZATION_LEVEL = "-Onone";
			};
			name = Debug;
		};
		635BA93A2614E96600840FB4 /* Release */ = {
			isa = XCBuildConfiguration;
			buildSettings = {
				ALWAYS_SEARCH_USER_PATHS = NO;
				CLANG_ANALYZER_NONNULL = YES;
				CLANG_ANALYZER_NUMBER_OBJECT_CONVERSION = YES_AGGRESSIVE;
				CLANG_CXX_LANGUAGE_STANDARD = "gnu++14";
				CLANG_CXX_LIBRARY = "libc++";
				CLANG_ENABLE_MODULES = YES;
				CLANG_ENABLE_OBJC_ARC = YES;
				CLANG_ENABLE_OBJC_WEAK = YES;
				CLANG_WARN_BLOCK_CAPTURE_AUTORELEASING = YES;
				CLANG_WARN_BOOL_CONVERSION = YES;
				CLANG_WARN_COMMA = YES;
				CLANG_WARN_CONSTANT_CONVERSION = YES;
				CLANG_WARN_DEPRECATED_OBJC_IMPLEMENTATIONS = YES;
				CLANG_WARN_DIRECT_OBJC_ISA_USAGE = YES_ERROR;
				CLANG_WARN_DOCUMENTATION_COMMENTS = YES;
				CLANG_WARN_EMPTY_BODY = YES;
				CLANG_WARN_ENUM_CONVERSION = YES;
				CLANG_WARN_INFINITE_RECURSION = YES;
				CLANG_WARN_INT_CONVERSION = YES;
				CLANG_WARN_NON_LITERAL_NULL_CONVERSION = YES;
				CLANG_WARN_OBJC_IMPLICIT_RETAIN_SELF = YES;
				CLANG_WARN_OBJC_LITERAL_CONVERSION = YES;
				CLANG_WARN_OBJC_ROOT_CLASS = YES_ERROR;
				CLANG_WARN_QUOTED_INCLUDE_IN_FRAMEWORK_HEADER = YES;
				CLANG_WARN_RANGE_LOOP_ANALYSIS = YES;
				CLANG_WARN_STRICT_PROTOTYPES = YES;
				CLANG_WARN_SUSPICIOUS_MOVE = YES;
				CLANG_WARN_UNGUARDED_AVAILABILITY = YES_AGGRESSIVE;
				CLANG_WARN_UNREACHABLE_CODE = YES;
				CLANG_WARN__DUPLICATE_METHOD_MATCH = YES;
				COPY_PHASE_STRIP = NO;
				DEBUG_INFORMATION_FORMAT = "dwarf-with-dsym";
				ENABLE_NS_ASSERTIONS = NO;
				ENABLE_STRICT_OBJC_MSGSEND = YES;
				GCC_C_LANGUAGE_STANDARD = gnu11;
				GCC_NO_COMMON_BLOCKS = YES;
				GCC_WARN_64_TO_32_BIT_CONVERSION = YES;
				GCC_WARN_ABOUT_RETURN_TYPE = YES_ERROR;
				GCC_WARN_UNDECLARED_SELECTOR = YES;
				GCC_WARN_UNINITIALIZED_AUTOS = YES_AGGRESSIVE;
				GCC_WARN_UNUSED_FUNCTION = YES;
				GCC_WARN_UNUSED_VARIABLE = YES;
				MTL_ENABLE_DEBUG_INFO = NO;
				MTL_FAST_MATH = YES;
				SWIFT_COMPILATION_MODE = wholemodule;
				SWIFT_OPTIMIZATION_LEVEL = "-O";
			};
			name = Release;
		};
		635BA93C2614E96600840FB4 /* Debug */ = {
			isa = XCBuildConfiguration;
			buildSettings = {
				ASSETCATALOG_COMPILER_APPICON_NAME = AppIcon;
				ASSETCATALOG_COMPILER_GLOBAL_ACCENT_COLOR_NAME = AccentColor;
				CODE_SIGN_STYLE = Automatic;
				DEVELOPMENT_TEAM = ZRN29KQRDL;
				ENABLE_PREVIEWS = YES;
				INFOPLIST_FILE = iOS/Info.plist;
				IPHONEOS_DEPLOYMENT_TARGET = 14.0;
				LD_RUNPATH_SEARCH_PATHS = (
					"$(inherited)",
					"@executable_path/Frameworks",
				);
				PRODUCT_BUNDLE_IDENTIFIER = com.petipas.david.PremierSwiftUI;
				PRODUCT_NAME = PremierSwiftUI;
				SDKROOT = iphoneos;
				SWIFT_VERSION = 5.0;
				TARGETED_DEVICE_FAMILY = "1,2";
			};
			name = Debug;
		};
		635BA93D2614E96600840FB4 /* Release */ = {
			isa = XCBuildConfiguration;
			buildSettings = {
				ASSETCATALOG_COMPILER_APPICON_NAME = AppIcon;
				ASSETCATALOG_COMPILER_GLOBAL_ACCENT_COLOR_NAME = AccentColor;
				CODE_SIGN_STYLE = Automatic;
				DEVELOPMENT_TEAM = ZRN29KQRDL;
				ENABLE_PREVIEWS = YES;
				INFOPLIST_FILE = iOS/Info.plist;
				IPHONEOS_DEPLOYMENT_TARGET = 14.0;
				LD_RUNPATH_SEARCH_PATHS = (
					"$(inherited)",
					"@executable_path/Frameworks",
				);
				PRODUCT_BUNDLE_IDENTIFIER = com.petipas.david.PremierSwiftUI;
				PRODUCT_NAME = PremierSwiftUI;
				SDKROOT = iphoneos;
				SWIFT_VERSION = 5.0;
				TARGETED_DEVICE_FAMILY = "1,2";
				VALIDATE_PRODUCT = YES;
			};
			name = Release;
		};
		635BA93F2614E96600840FB4 /* Debug */ = {
			isa = XCBuildConfiguration;
			buildSettings = {
				ASSETCATALOG_COMPILER_APPICON_NAME = AppIcon;
				ASSETCATALOG_COMPILER_GLOBAL_ACCENT_COLOR_NAME = AccentColor;
				CODE_SIGN_ENTITLEMENTS = macOS/macOS.entitlements;
				CODE_SIGN_STYLE = Automatic;
				COMBINE_HIDPI_IMAGES = YES;
				DEVELOPMENT_TEAM = ZRN29KQRDL;
				ENABLE_HARDENED_RUNTIME = YES;
				ENABLE_PREVIEWS = YES;
				INFOPLIST_FILE = macOS/Info.plist;
				LD_RUNPATH_SEARCH_PATHS = (
					"$(inherited)",
					"@executable_path/../Frameworks",
				);
				MACOSX_DEPLOYMENT_TARGET = 11.0;
				PRODUCT_BUNDLE_IDENTIFIER = com.petipas.david.PremierSwiftUI;
				PRODUCT_NAME = PremierSwiftUI;
				SDKROOT = macosx;
				SWIFT_VERSION = 5.0;
			};
			name = Debug;
		};
		635BA9402614E96600840FB4 /* Release */ = {
			isa = XCBuildConfiguration;
			buildSettings = {
				ASSETCATALOG_COMPILER_APPICON_NAME = AppIcon;
				ASSETCATALOG_COMPILER_GLOBAL_ACCENT_COLOR_NAME = AccentColor;
				CODE_SIGN_ENTITLEMENTS = macOS/macOS.entitlements;
				CODE_SIGN_STYLE = Automatic;
				COMBINE_HIDPI_IMAGES = YES;
				DEVELOPMENT_TEAM = ZRN29KQRDL;
				ENABLE_HARDENED_RUNTIME = YES;
				ENABLE_PREVIEWS = YES;
				INFOPLIST_FILE = macOS/Info.plist;
				LD_RUNPATH_SEARCH_PATHS = (
					"$(inherited)",
					"@executable_path/../Frameworks",
				);
				MACOSX_DEPLOYMENT_TARGET = 11.0;
				PRODUCT_BUNDLE_IDENTIFIER = com.petipas.david.PremierSwiftUI;
				PRODUCT_NAME = PremierSwiftUI;
				SDKROOT = macosx;
				SWIFT_VERSION = 5.0;
			};
			name = Release;
		};
		635BA9422614E96600840FB4 /* Debug */ = {
			isa = XCBuildConfiguration;
			buildSettings = {
				ALWAYS_EMBED_SWIFT_STANDARD_LIBRARIES = YES;
				CODE_SIGN_STYLE = Automatic;
				DEVELOPMENT_TEAM = ZRN29KQRDL;
				INFOPLIST_FILE = "Tests iOS/Info.plist";
				IPHONEOS_DEPLOYMENT_TARGET = 14.4;
				LD_RUNPATH_SEARCH_PATHS = (
					"$(inherited)",
					"@executable_path/Frameworks",
					"@loader_path/Frameworks",
				);
				PRODUCT_BUNDLE_IDENTIFIER = "com.petipas.david.Tests-iOS";
				PRODUCT_NAME = "$(TARGET_NAME)";
				SDKROOT = iphoneos;
				SWIFT_VERSION = 5.0;
				TARGETED_DEVICE_FAMILY = "1,2";
				TEST_TARGET_NAME = "PremierSwiftUI (iOS)";
			};
			name = Debug;
		};
		635BA9432614E96600840FB4 /* Release */ = {
			isa = XCBuildConfiguration;
			buildSettings = {
				ALWAYS_EMBED_SWIFT_STANDARD_LIBRARIES = YES;
				CODE_SIGN_STYLE = Automatic;
				DEVELOPMENT_TEAM = ZRN29KQRDL;
				INFOPLIST_FILE = "Tests iOS/Info.plist";
				IPHONEOS_DEPLOYMENT_TARGET = 14.4;
				LD_RUNPATH_SEARCH_PATHS = (
					"$(inherited)",
					"@executable_path/Frameworks",
					"@loader_path/Frameworks",
				);
				PRODUCT_BUNDLE_IDENTIFIER = "com.petipas.david.Tests-iOS";
				PRODUCT_NAME = "$(TARGET_NAME)";
				SDKROOT = iphoneos;
				SWIFT_VERSION = 5.0;
				TARGETED_DEVICE_FAMILY = "1,2";
				TEST_TARGET_NAME = "PremierSwiftUI (iOS)";
				VALIDATE_PRODUCT = YES;
			};
			name = Release;
		};
		635BA9452614E96600840FB4 /* Debug */ = {
			isa = XCBuildConfiguration;
			buildSettings = {
				ALWAYS_EMBED_SWIFT_STANDARD_LIBRARIES = YES;
				CODE_SIGN_STYLE = Automatic;
				COMBINE_HIDPI_IMAGES = YES;
				DEVELOPMENT_TEAM = ZRN29KQRDL;
				INFOPLIST_FILE = "Tests macOS/Info.plist";
				LD_RUNPATH_SEARCH_PATHS = (
					"$(inherited)",
					"@executable_path/../Frameworks",
					"@loader_path/../Frameworks",
				);
				MACOSX_DEPLOYMENT_TARGET = 11.1;
				PRODUCT_BUNDLE_IDENTIFIER = "com.petipas.david.Tests-macOS";
				PRODUCT_NAME = "$(TARGET_NAME)";
				SDKROOT = macosx;
				SWIFT_VERSION = 5.0;
				TEST_TARGET_NAME = "PremierSwiftUI (macOS)";
			};
			name = Debug;
		};
		635BA9462614E96600840FB4 /* Release */ = {
			isa = XCBuildConfiguration;
			buildSettings = {
				ALWAYS_EMBED_SWIFT_STANDARD_LIBRARIES = YES;
				CODE_SIGN_STYLE = Automatic;
				COMBINE_HIDPI_IMAGES = YES;
				DEVELOPMENT_TEAM = ZRN29KQRDL;
				INFOPLIST_FILE = "Tests macOS/Info.plist";
				LD_RUNPATH_SEARCH_PATHS = (
					"$(inherited)",
					"@executable_path/../Frameworks",
					"@loader_path/../Frameworks",
				);
				MACOSX_DEPLOYMENT_TARGET = 11.1;
				PRODUCT_BUNDLE_IDENTIFIER = "com.petipas.david.Tests-macOS";
				PRODUCT_NAME = "$(TARGET_NAME)";
				SDKROOT = macosx;
				SWIFT_VERSION = 5.0;
				TEST_TARGET_NAME = "PremierSwiftUI (macOS)";
			};
			name = Release;
		};
/* End XCBuildConfiguration section */

/* Begin XCConfigurationList section */
		635BA9082614E96500840FB4 /* Build configuration list for PBXProject "PremierSwiftUI" */ = {
			isa = XCConfigurationList;
			buildConfigurations = (
				635BA9392614E96600840FB4 /* Debug */,
				635BA93A2614E96600840FB4 /* Release */,
			);
			defaultConfigurationIsVisible = 0;
			defaultConfigurationName = Release;
		};
		635BA93B2614E96600840FB4 /* Build configuration list for PBXNativeTarget "PremierSwiftUI (iOS)" */ = {
			isa = XCConfigurationList;
			buildConfigurations = (
				635BA93C2614E96600840FB4 /* Debug */,
				635BA93D2614E96600840FB4 /* Release */,
			);
			defaultConfigurationIsVisible = 0;
			defaultConfigurationName = Release;
		};
		635BA93E2614E96600840FB4 /* Build configuration list for PBXNativeTarget "PremierSwiftUI (macOS)" */ = {
			isa = XCConfigurationList;
			buildConfigurations = (
				635BA93F2614E96600840FB4 /* Debug */,
				635BA9402614E96600840FB4 /* Release */,
			);
			defaultConfigurationIsVisible = 0;
			defaultConfigurationName = Release;
		};
		635BA9412614E96600840FB4 /* Build configuration list for PBXNativeTarget "Tests iOS" */ = {
			isa = XCConfigurationList;
			buildConfigurations = (
				635BA9422614E96600840FB4 /* Debug */,
				635BA9432614E96600840FB4 /* Release */,
			);
			defaultConfigurationIsVisible = 0;
			defaultConfigurationName = Release;
		};
		635BA9442614E96600840FB4 /* Build configuration list for PBXNativeTarget "Tests macOS" */ = {
			isa = XCConfigurationList;
			buildConfigurations = (
				635BA9452614E96600840FB4 /* Debug */,
				635BA9462614E96600840FB4 /* Release */,
			);
			defaultConfigurationIsVisible = 0;
			defaultConfigurationName = Release;
		};
/* End XCConfigurationList section */
	};
	rootObject = 635BA9052614E96500840FB4 /* Project object */;
}
